
Microsoft Visual Studio Solution File, Format Version 12.00
# Visual Studio Version 17
VisualStudioVersion = 17.5.33627.172
MinimumVisualStudioVersion = 10.0.40219.1
Project("{FAE04EC0-301F-11D3-BF4B-00C04F79EFBC}") = "CoreWCFService2", "CoreWCFService2\CoreWCFService2.csproj", "{51ACC6D9-C600-46C3-A412-E10B3678F6F9}"
EndProject
Global
	GlobalSection(SolutionConfigurationPlatforms) = preSolution
		Debug|Any CPU = Debug|Any CPU
		Release|Any CPU = Release|Any CPU
	EndGlobalSection
	GlobalSection(ProjectConfigurationPlatforms) = postSolution
		{51ACC6D9-C600-46C3-A412-E10B3678F6F9}.Debug|Any CPU.ActiveCfg = Debug|Any CPU
		{51ACC6D9-C600-46C3-A412-E10B3678F6F9}.Debug|Any CPU.Build.0 = Debug|Any CPU
		{51ACC6D9-C600-46C3-A412-E10B3678F6F9}.Release|Any CPU.ActiveCfg = Release|Any CPU
		{51ACC6D9-C600-46C3-A412-E10B3678F6F9}.Release|Any CPU.Build.0 = Release|Any CPU
	EndGlobalSection
	GlobalSection(SolutionProperties) = preSolution
		HideSolutionNode = FALSE
	EndGlobalSection
	GlobalSection(ExtensibilityGlobals) = postSolution
		SolutionGuid = {5A0C2E2C-9BA9-41FA-8DE4-F5EF3A6BA132}
	EndGlobalSection
EndGlobal
